
Microsoft Visual Studio Solution File, Format Version 12.00
# Visual Studio Version 16
VisualStudioVersion = 16.0.29025.244
MinimumVisualStudioVersion = 10.0.40219.1
Project("{8BC9CEB8-8B4A-11D0-8D11-00A0C91BC942}") = "EmuController", "EmuController\EmuController.vcxproj", "{2DA7F4CA-94E4-49CD-B28B-39C573CC74C7}"
EndProject
Project("{9A19103F-16F7-4668-BE54-9A1E7A4F7556}") = "EmuController.Client.NET", "EmuController.Client.NET\EmuController.Client.NET.csproj", "{2BDEEE3D-0FBB-4234-96FE-D0E2D05A9188}"
EndProject
Project("{9A19103F-16F7-4668-BE54-9A1E7A4F7556}") = "EmuController.Client.NET.Demo", "EmuController.Client.NET.Demo\EmuController.Client.NET.Demo.csproj", "{B18ED9C7-70F7-4849-902D-2334CC5EFC9E}"
EndProject
Project("{9A19103F-16F7-4668-BE54-9A1E7A4F7556}") = "EmuController.Client.NETTests", "EmuController.Client.NETTests\EmuController.Client.NETTests.csproj", "{34FAC7B5-4DAD-4CA1-9453-13C1FF2C8875}"
EndProject
Project("{9A19103F-16F7-4668-BE54-9A1E7A4F7556}") = "SetupApi.NET", "SetupApi.NET\SetupApi.NET.csproj", "{AF8251A0-2320-4282-A9C2-F127AD220B59}"
EndProject
Project("{9A19103F-16F7-4668-BE54-9A1E7A4F7556}") = "EmuController.DevManager", "EmuController.DevManager\EmuController.DevManager.csproj", "{26F5CF9A-0B07-43BE-9700-E29F72BB8B78}"
EndProject
Global
	GlobalSection(SolutionConfigurationPlatforms) = preSolution
		Debug|Any CPU = Debug|Any CPU
		Debug|x64 = Debug|x64
		Release|Any CPU = Release|Any CPU
		Release|x64 = Release|x64
	EndGlobalSection
	GlobalSection(ProjectConfigurationPlatforms) = postSolution
		{2DA7F4CA-94E4-49CD-B28B-39C573CC74C7}.Debug|Any CPU.ActiveCfg = Debug|Win32
		{2DA7F4CA-94E4-49CD-B28B-39C573CC74C7}.Debug|x64.ActiveCfg = Debug|x64
		{2DA7F4CA-94E4-49CD-B28B-39C573CC74C7}.Debug|x64.Build.0 = Debug|x64
		{2DA7F4CA-94E4-49CD-B28B-39C573CC74C7}.Debug|x64.Deploy.0 = Debug|x64
		{2DA7F4CA-94E4-49CD-B28B-39C573CC74C7}.Release|Any CPU.ActiveCfg = Release|Win32
		{2DA7F4CA-94E4-49CD-B28B-39C573CC74C7}.Release|x64.ActiveCfg = Release|x64
		{2DA7F4CA-94E4-49CD-B28B-39C573CC74C7}.Release|x64.Build.0 = Release|x64
		{2DA7F4CA-94E4-49CD-B28B-39C573CC74C7}.Release|x64.Deploy.0 = Release|x64
		{2BDEEE3D-0FBB-4234-96FE-D0E2D05A9188}.Debug|Any CPU.ActiveCfg = Debug|Any CPU
		{2BDEEE3D-0FBB-4234-96FE-D0E2D05A9188}.Debug|Any CPU.Build.0 = Debug|Any CPU
		{2BDEEE3D-0FBB-4234-96FE-D0E2D05A9188}.Debug|x64.ActiveCfg = Debug|x64
		{2BDEEE3D-0FBB-4234-96FE-D0E2D05A9188}.Debug|x64.Build.0 = Debug|x64
		{2BDEEE3D-0FBB-4234-96FE-D0E2D05A9188}.Release|Any CPU.ActiveCfg = Release|Any CPU
		{2BDEEE3D-0FBB-4234-96FE-D0E2D05A9188}.Release|Any CPU.Build.0 = Release|Any CPU
		{2BDEEE3D-0FBB-4234-96FE-D0E2D05A9188}.Release|x64.ActiveCfg = Release|x64
		{2BDEEE3D-0FBB-4234-96FE-D0E2D05A9188}.Release|x64.Build.0 = Release|x64
		{B18ED9C7-70F7-4849-902D-2334CC5EFC9E}.Debug|Any CPU.ActiveCfg = Debug|Any CPU
		{B18ED9C7-70F7-4849-902D-2334CC5EFC9E}.Debug|Any CPU.Build.0 = Debug|Any CPU
		{B18ED9C7-70F7-4849-902D-2334CC5EFC9E}.Debug|x64.ActiveCfg = Debug|x64
		{B18ED9C7-70F7-4849-902D-2334CC5EFC9E}.Debug|x64.Build.0 = Debug|x64
		{B18ED9C7-70F7-4849-902D-2334CC5EFC9E}.Release|Any CPU.ActiveCfg = Release|Any CPU
		{B18ED9C7-70F7-4849-902D-2334CC5EFC9E}.Release|Any CPU.Build.0 = Release|Any CPU
		{B18ED9C7-70F7-4849-902D-2334CC5EFC9E}.Release|x64.ActiveCfg = Release|x64
		{B18ED9C7-70F7-4849-902D-2334CC5EFC9E}.Release|x64.Build.0 = Release|x64
		{34FAC7B5-4DAD-4CA1-9453-13C1FF2C8875}.Debug|Any CPU.ActiveCfg = Debug|Any CPU
		{34FAC7B5-4DAD-4CA1-9453-13C1FF2C8875}.Debug|Any CPU.Build.0 = Debug|Any CPU
		{34FAC7B5-4DAD-4CA1-9453-13C1FF2C8875}.Debug|x64.ActiveCfg = Debug|x64
		{34FAC7B5-4DAD-4CA1-9453-13C1FF2C8875}.Debug|x64.Build.0 = Debug|x64
		{34FAC7B5-4DAD-4CA1-9453-13C1FF2C8875}.Release|Any CPU.ActiveCfg = Release|Any CPU
		{34FAC7B5-4DAD-4CA1-9453-13C1FF2C8875}.Release|Any CPU.Build.0 = Release|Any CPU
		{34FAC7B5-4DAD-4CA1-9453-13C1FF2C8875}.Release|x64.ActiveCfg = Release|x64
		{34FAC7B5-4DAD-4CA1-9453-13C1FF2C8875}.Release|x64.Build.0 = Release|x64
		{AF8251A0-2320-4282-A9C2-F127AD220B59}.Debug|Any CPU.ActiveCfg = Debug|Any CPU
		{AF8251A0-2320-4282-A9C2-F127AD220B59}.Debug|Any CPU.Build.0 = Debug|Any CPU
		{AF8251A0-2320-4282-A9C2-F127AD220B59}.Debug|x64.ActiveCfg = Debug|Any CPU
		{AF8251A0-2320-4282-A9C2-F127AD220B59}.Debug|x64.Build.0 = Debug|Any CPU
		{AF8251A0-2320-4282-A9C2-F127AD220B59}.Release|Any CPU.ActiveCfg = Release|Any CPU
		{AF8251A0-2320-4282-A9C2-F127AD220B59}.Release|Any CPU.Build.0 = Release|Any CPU
		{AF8251A0-2320-4282-A9C2-F127AD220B59}.Release|x64.ActiveCfg = Release|Any CPU
		{AF8251A0-2320-4282-A9C2-F127AD220B59}.Release|x64.Build.0 = Release|Any CPU
		{26F5CF9A-0B07-43BE-9700-E29F72BB8B78}.Debug|Any CPU.ActiveCfg = Debug|x64
		{26F5CF9A-0B07-43BE-9700-E29F72BB8B78}.Debug|x64.ActiveCfg = Debug|x64
		{26F5CF9A-0B07-43BE-9700-E29F72BB8B78}.Debug|x64.Build.0 = Debug|x64
		{26F5CF9A-0B07-43BE-9700-E29F72BB8B78}.Release|Any CPU.ActiveCfg = Release|x64
		{26F5CF9A-0B07-43BE-9700-E29F72BB8B78}.Release|x64.ActiveCfg = Release|x64
		{26F5CF9A-0B07-43BE-9700-E29F72BB8B78}.Release|x64.Build.0 = Release|x64
	EndGlobalSection
	GlobalSection(SolutionProperties) = preSolution
		HideSolutionNode = FALSE
	EndGlobalSection
	GlobalSection(ExtensibilityGlobals) = postSolution
		SolutionGuid = {6807D5E1-FF3F-4795-8B30-9404B0F63E84}
	EndGlobalSection
EndGlobal
