
Microsoft Visual Studio Solution File, Format Version 12.00
# Visual Studio Version 16
VisualStudioVersion = 16.0.29025.244
MinimumVisualStudioVersion = 10.0.40219.1
Project("{8BC9CEB8-8B4A-11D0-8D11-00A0C91BC942}") = "EmuController", "EmuController\EmuController.vcxproj", "{2DA7F4CA-94E4-49CD-B28B-39C573CC74C7}"
EndProject
Project("{9A19103F-16F7-4668-BE54-9A1E7A4F7556}") = "EmuController.Client.NET", "EmuController.Client.NET\EmuController.Client.NET.csproj", "{2BDEEE3D-0FBB-4234-96FE-D0E2D05A9188}"
EndProject
Project("{FAE04EC0-301F-11D3-BF4B-00C04F79EFBC}") = "EmuController.Client.NET.Demo", "EmuController.Client.NET.Demo\EmuController.Client.NET.Demo.csproj", "{B18ED9C7-70F7-4849-902D-2334CC5EFC9E}"
EndProject
Global
	GlobalSection(SolutionConfigurationPlatforms) = preSolution
		Debug|Any CPU = Debug|Any CPU
		Debug|ARM = Debug|ARM
		Debug|ARM64 = Debug|ARM64
		Debug|x64 = Debug|x64
		Debug|x86 = Debug|x86
		Release|Any CPU = Release|Any CPU
		Release|ARM = Release|ARM
		Release|ARM64 = Release|ARM64
		Release|x64 = Release|x64
		Release|x86 = Release|x86
	EndGlobalSection
	GlobalSection(ProjectConfigurationPlatforms) = postSolution
		{2DA7F4CA-94E4-49CD-B28B-39C573CC74C7}.Debug|Any CPU.ActiveCfg = Debug|Win32
		{2DA7F4CA-94E4-49CD-B28B-39C573CC74C7}.Debug|ARM.ActiveCfg = Debug|ARM
		{2DA7F4CA-94E4-49CD-B28B-39C573CC74C7}.Debug|ARM.Build.0 = Debug|ARM
		{2DA7F4CA-94E4-49CD-B28B-39C573CC74C7}.Debug|ARM.Deploy.0 = Debug|ARM
		{2DA7F4CA-94E4-49CD-B28B-39C573CC74C7}.Debug|ARM64.ActiveCfg = Debug|ARM64
		{2DA7F4CA-94E4-49CD-B28B-39C573CC74C7}.Debug|ARM64.Build.0 = Debug|ARM64
		{2DA7F4CA-94E4-49CD-B28B-39C573CC74C7}.Debug|ARM64.Deploy.0 = Debug|ARM64
		{2DA7F4CA-94E4-49CD-B28B-39C573CC74C7}.Debug|x64.ActiveCfg = Debug|x64
		{2DA7F4CA-94E4-49CD-B28B-39C573CC74C7}.Debug|x64.Build.0 = Debug|x64
		{2DA7F4CA-94E4-49CD-B28B-39C573CC74C7}.Debug|x64.Deploy.0 = Debug|x64
		{2DA7F4CA-94E4-49CD-B28B-39C573CC74C7}.Debug|x86.ActiveCfg = Debug|Win32
		{2DA7F4CA-94E4-49CD-B28B-39C573CC74C7}.Debug|x86.Build.0 = Debug|Win32
		{2DA7F4CA-94E4-49CD-B28B-39C573CC74C7}.Debug|x86.Deploy.0 = Debug|Win32
		{2DA7F4CA-94E4-49CD-B28B-39C573CC74C7}.Release|Any CPU.ActiveCfg = Release|Win32
		{2DA7F4CA-94E4-49CD-B28B-39C573CC74C7}.Release|ARM.ActiveCfg = Release|ARM
		{2DA7F4CA-94E4-49CD-B28B-39C573CC74C7}.Release|ARM.Build.0 = Release|ARM
		{2DA7F4CA-94E4-49CD-B28B-39C573CC74C7}.Release|ARM.Deploy.0 = Release|ARM
		{2DA7F4CA-94E4-49CD-B28B-39C573CC74C7}.Release|ARM64.ActiveCfg = Release|ARM64
		{2DA7F4CA-94E4-49CD-B28B-39C573CC74C7}.Release|ARM64.Build.0 = Release|ARM64
		{2DA7F4CA-94E4-49CD-B28B-39C573CC74C7}.Release|ARM64.Deploy.0 = Release|ARM64
		{2DA7F4CA-94E4-49CD-B28B-39C573CC74C7}.Release|x64.ActiveCfg = Release|x64
		{2DA7F4CA-94E4-49CD-B28B-39C573CC74C7}.Release|x64.Build.0 = Release|x64
		{2DA7F4CA-94E4-49CD-B28B-39C573CC74C7}.Release|x64.Deploy.0 = Release|x64
		{2DA7F4CA-94E4-49CD-B28B-39C573CC74C7}.Release|x86.ActiveCfg = Release|Win32
		{2DA7F4CA-94E4-49CD-B28B-39C573CC74C7}.Release|x86.Build.0 = Release|Win32
		{2DA7F4CA-94E4-49CD-B28B-39C573CC74C7}.Release|x86.Deploy.0 = Release|Win32
		{2BDEEE3D-0FBB-4234-96FE-D0E2D05A9188}.Debug|Any CPU.ActiveCfg = Debug|Any CPU
		{2BDEEE3D-0FBB-4234-96FE-D0E2D05A9188}.Debug|Any CPU.Build.0 = Debug|Any CPU
		{2BDEEE3D-0FBB-4234-96FE-D0E2D05A9188}.Debug|ARM.ActiveCfg = Debug|Any CPU
		{2BDEEE3D-0FBB-4234-96FE-D0E2D05A9188}.Debug|ARM.Build.0 = Debug|Any CPU
		{2BDEEE3D-0FBB-4234-96FE-D0E2D05A9188}.Debug|ARM64.ActiveCfg = Debug|Any CPU
		{2BDEEE3D-0FBB-4234-96FE-D0E2D05A9188}.Debug|ARM64.Build.0 = Debug|Any CPU
		{2BDEEE3D-0FBB-4234-96FE-D0E2D05A9188}.Debug|x64.ActiveCfg = Debug|Any CPU
		{2BDEEE3D-0FBB-4234-96FE-D0E2D05A9188}.Debug|x64.Build.0 = Debug|Any CPU
		{2BDEEE3D-0FBB-4234-96FE-D0E2D05A9188}.Debug|x86.ActiveCfg = Debug|Any CPU
		{2BDEEE3D-0FBB-4234-96FE-D0E2D05A9188}.Debug|x86.Build.0 = Debug|Any CPU
		{2BDEEE3D-0FBB-4234-96FE-D0E2D05A9188}.Release|Any CPU.ActiveCfg = Release|Any CPU
		{2BDEEE3D-0FBB-4234-96FE-D0E2D05A9188}.Release|Any CPU.Build.0 = Release|Any CPU
		{2BDEEE3D-0FBB-4234-96FE-D0E2D05A9188}.Release|ARM.ActiveCfg = Release|Any CPU
		{2BDEEE3D-0FBB-4234-96FE-D0E2D05A9188}.Release|ARM.Build.0 = Release|Any CPU
		{2BDEEE3D-0FBB-4234-96FE-D0E2D05A9188}.Release|ARM64.ActiveCfg = Release|Any CPU
		{2BDEEE3D-0FBB-4234-96FE-D0E2D05A9188}.Release|ARM64.Build.0 = Release|Any CPU
		{2BDEEE3D-0FBB-4234-96FE-D0E2D05A9188}.Release|x64.ActiveCfg = Release|Any CPU
		{2BDEEE3D-0FBB-4234-96FE-D0E2D05A9188}.Release|x64.Build.0 = Release|Any CPU
		{2BDEEE3D-0FBB-4234-96FE-D0E2D05A9188}.Release|x86.ActiveCfg = Release|Any CPU
		{2BDEEE3D-0FBB-4234-96FE-D0E2D05A9188}.Release|x86.Build.0 = Release|Any CPU
		{B18ED9C7-70F7-4849-902D-2334CC5EFC9E}.Debug|Any CPU.ActiveCfg = Debug|Any CPU
		{B18ED9C7-70F7-4849-902D-2334CC5EFC9E}.Debug|Any CPU.Build.0 = Debug|Any CPU
		{B18ED9C7-70F7-4849-902D-2334CC5EFC9E}.Debug|ARM.ActiveCfg = Debug|Any CPU
		{B18ED9C7-70F7-4849-902D-2334CC5EFC9E}.Debug|ARM.Build.0 = Debug|Any CPU
		{B18ED9C7-70F7-4849-902D-2334CC5EFC9E}.Debug|ARM64.ActiveCfg = Debug|Any CPU
		{B18ED9C7-70F7-4849-902D-2334CC5EFC9E}.Debug|ARM64.Build.0 = Debug|Any CPU
		{B18ED9C7-70F7-4849-902D-2334CC5EFC9E}.Debug|x64.ActiveCfg = Debug|Any CPU
		{B18ED9C7-70F7-4849-902D-2334CC5EFC9E}.Debug|x64.Build.0 = Debug|Any CPU
		{B18ED9C7-70F7-4849-902D-2334CC5EFC9E}.Debug|x86.ActiveCfg = Debug|Any CPU
		{B18ED9C7-70F7-4849-902D-2334CC5EFC9E}.Debug|x86.Build.0 = Debug|Any CPU
		{B18ED9C7-70F7-4849-902D-2334CC5EFC9E}.Release|Any CPU.ActiveCfg = Release|Any CPU
		{B18ED9C7-70F7-4849-902D-2334CC5EFC9E}.Release|Any CPU.Build.0 = Release|Any CPU
		{B18ED9C7-70F7-4849-902D-2334CC5EFC9E}.Release|ARM.ActiveCfg = Release|Any CPU
		{B18ED9C7-70F7-4849-902D-2334CC5EFC9E}.Release|ARM.Build.0 = Release|Any CPU
		{B18ED9C7-70F7-4849-902D-2334CC5EFC9E}.Release|ARM64.ActiveCfg = Release|Any CPU
		{B18ED9C7-70F7-4849-902D-2334CC5EFC9E}.Release|ARM64.Build.0 = Release|Any CPU
		{B18ED9C7-70F7-4849-902D-2334CC5EFC9E}.Release|x64.ActiveCfg = Release|Any CPU
		{B18ED9C7-70F7-4849-902D-2334CC5EFC9E}.Release|x64.Build.0 = Release|Any CPU
		{B18ED9C7-70F7-4849-902D-2334CC5EFC9E}.Release|x86.ActiveCfg = Release|Any CPU
		{B18ED9C7-70F7-4849-902D-2334CC5EFC9E}.Release|x86.Build.0 = Release|Any CPU
	EndGlobalSection
	GlobalSection(SolutionProperties) = preSolution
		HideSolutionNode = FALSE
	EndGlobalSection
	GlobalSection(ExtensibilityGlobals) = postSolution
		SolutionGuid = {6807D5E1-FF3F-4795-8B30-9404B0F63E84}
	EndGlobalSection
EndGlobal
